
Microsoft Visual Studio Solution File, Format Version 12.00
# Visual Studio 14
VisualStudioVersion = 14.0.25420.1
MinimumVisualStudioVersion = 10.0.40219.1
Project("{FAE04EC0-301F-11D3-BF4B-00C04F79EFBC}") = "PLDD.Lab3.SMSProvider", "PLDD.Lab3.SMSProvider\PLDD.Lab3.SMSProvider.csproj", "{9E059F83-C850-4C97-9218-97D2665BB58B}"
EndProject
Project("{FAE04EC0-301F-11D3-BF4B-00C04F79EFBC}") = "PLDD.Lab3.SMSProviderTests", "PLDD.Lab3.SMSProviderTests\PLDD.Lab3.SMSProviderTests.csproj", "{17B891D8-2CE9-4C64-86CC-B8E7269F86DB}"
EndProject
Global
	GlobalSection(SolutionConfigurationPlatforms) = preSolution
		Debug|Any CPU = Debug|Any CPU
		Release|Any CPU = Release|Any CPU
	EndGlobalSection
	GlobalSection(ProjectConfigurationPlatforms) = postSolution
		{9E059F83-C850-4C97-9218-97D2665BB58B}.Debug|Any CPU.ActiveCfg = Debug|Any CPU
		{9E059F83-C850-4C97-9218-97D2665BB58B}.Debug|Any CPU.Build.0 = Debug|Any CPU
		{9E059F83-C850-4C97-9218-97D2665BB58B}.Release|Any CPU.ActiveCfg = Release|Any CPU
		{9E059F83-C850-4C97-9218-97D2665BB58B}.Release|Any CPU.Build.0 = Release|Any CPU
		{17B891D8-2CE9-4C64-86CC-B8E7269F86DB}.Debug|Any CPU.ActiveCfg = Debug|Any CPU
		{17B891D8-2CE9-4C64-86CC-B8E7269F86DB}.Debug|Any CPU.Build.0 = Debug|Any CPU
		{17B891D8-2CE9-4C64-86CC-B8E7269F86DB}.Release|Any CPU.ActiveCfg = Release|Any CPU
		{17B891D8-2CE9-4C64-86CC-B8E7269F86DB}.Release|Any CPU.Build.0 = Release|Any CPU
	EndGlobalSection
	GlobalSection(SolutionProperties) = preSolution
		HideSolutionNode = FALSE
	EndGlobalSection
EndGlobal
